
Microsoft Visual Studio Solution File, Format Version 12.00
Project("{FAE04EC0-301F-11D3-BF4B-00C04F79EFBC}") = "App", "examples\basic-example\App\App.csproj", "{66596E89-34F5-4A76-A6E8-5D6F14C6E4AE}"
EndProject
Project("{2150E333-8FDC-42A3-9474-1A3956D46DE8}") = "examples", "examples", "{1263D15E-CD5F-4EB2-965E-229E1A37C579}"
EndProject
Project("{2150E333-8FDC-42A3-9474-1A3956D46DE8}") = "basic-example", "basic-example", "{C82488D7-9D01-46CB-9D9C-A303F8995A7F}"
EndProject
Project("{2150E333-8FDC-42A3-9474-1A3956D46DE8}") = "basic-example-fsharp", "basic-example-fsharp", "{D649CCC8-EB73-45D8-A485-813405136F5C}"
EndProject
Project("{F2A71F9B-5D33-465A-A702-920D77279786}") = "App", "examples\basic-example-fsharp\App\App.fsproj", "{114F2135-C4C6-4CB8-8BDD-A778CAF3ED6C}"
EndProject
Project("{2150E333-8FDC-42A3-9474-1A3956D46DE8}") = "basic-example-vb", "basic-example-vb", "{2CE5CF99-86CC-430A-B7C9-36E6D2C8BB89}"
EndProject
Project("{F184B08F-C81C-45F6-A57F-5ABD9991F28F}") = "App", "examples\basic-example-vb\App\App.vbproj", "{0E673EA8-674A-450F-BCA5-F3D2867F55D7}"
EndProject
Project("{2150E333-8FDC-42A3-9474-1A3956D46DE8}") = "src", "src", "{47CD693B-0F04-4C7A-94A6-4BA2BC6311E8}"
EndProject
Project("{FAE04EC0-301F-11D3-BF4B-00C04F79EFBC}") = "HarmonicBytes.FastlyCompute", "src\HarmonicBytes.FastlyCompute\HarmonicBytes.FastlyCompute.csproj", "{63B4C988-7EBE-4AA4-8CD6-114AEDBAA9F6}"
EndProject
Global
	GlobalSection(SolutionConfigurationPlatforms) = preSolution
		Debug|Any CPU = Debug|Any CPU
		Release|Any CPU = Release|Any CPU
	EndGlobalSection
	GlobalSection(ProjectConfigurationPlatforms) = postSolution
		{66596E89-34F5-4A76-A6E8-5D6F14C6E4AE}.Debug|Any CPU.ActiveCfg = Debug|Any CPU
		{66596E89-34F5-4A76-A6E8-5D6F14C6E4AE}.Debug|Any CPU.Build.0 = Debug|Any CPU
		{66596E89-34F5-4A76-A6E8-5D6F14C6E4AE}.Release|Any CPU.ActiveCfg = Release|Any CPU
		{66596E89-34F5-4A76-A6E8-5D6F14C6E4AE}.Release|Any CPU.Build.0 = Release|Any CPU
		{114F2135-C4C6-4CB8-8BDD-A778CAF3ED6C}.Debug|Any CPU.ActiveCfg = Debug|Any CPU
		{114F2135-C4C6-4CB8-8BDD-A778CAF3ED6C}.Debug|Any CPU.Build.0 = Debug|Any CPU
		{114F2135-C4C6-4CB8-8BDD-A778CAF3ED6C}.Release|Any CPU.ActiveCfg = Release|Any CPU
		{114F2135-C4C6-4CB8-8BDD-A778CAF3ED6C}.Release|Any CPU.Build.0 = Release|Any CPU
		{0E673EA8-674A-450F-BCA5-F3D2867F55D7}.Debug|Any CPU.ActiveCfg = Debug|Any CPU
		{0E673EA8-674A-450F-BCA5-F3D2867F55D7}.Debug|Any CPU.Build.0 = Debug|Any CPU
		{0E673EA8-674A-450F-BCA5-F3D2867F55D7}.Release|Any CPU.ActiveCfg = Release|Any CPU
		{0E673EA8-674A-450F-BCA5-F3D2867F55D7}.Release|Any CPU.Build.0 = Release|Any CPU
		{63B4C988-7EBE-4AA4-8CD6-114AEDBAA9F6}.Debug|Any CPU.ActiveCfg = Debug|Any CPU
		{63B4C988-7EBE-4AA4-8CD6-114AEDBAA9F6}.Debug|Any CPU.Build.0 = Debug|Any CPU
		{63B4C988-7EBE-4AA4-8CD6-114AEDBAA9F6}.Release|Any CPU.ActiveCfg = Release|Any CPU
		{63B4C988-7EBE-4AA4-8CD6-114AEDBAA9F6}.Release|Any CPU.Build.0 = Release|Any CPU
	EndGlobalSection
	GlobalSection(NestedProjects) = preSolution
		{C82488D7-9D01-46CB-9D9C-A303F8995A7F} = {1263D15E-CD5F-4EB2-965E-229E1A37C579}
		{66596E89-34F5-4A76-A6E8-5D6F14C6E4AE} = {C82488D7-9D01-46CB-9D9C-A303F8995A7F}
		{D649CCC8-EB73-45D8-A485-813405136F5C} = {1263D15E-CD5F-4EB2-965E-229E1A37C579}
		{114F2135-C4C6-4CB8-8BDD-A778CAF3ED6C} = {D649CCC8-EB73-45D8-A485-813405136F5C}
		{2CE5CF99-86CC-430A-B7C9-36E6D2C8BB89} = {1263D15E-CD5F-4EB2-965E-229E1A37C579}
		{0E673EA8-674A-450F-BCA5-F3D2867F55D7} = {2CE5CF99-86CC-430A-B7C9-36E6D2C8BB89}
		{63B4C988-7EBE-4AA4-8CD6-114AEDBAA9F6} = {47CD693B-0F04-4C7A-94A6-4BA2BC6311E8}
	EndGlobalSection
EndGlobal
